// !$*UTF8*$!
{
	archiveVersion = 1;
	classes = {
	};
	objectVersion = 46;
	objects = {

/* Begin PBXBuildFile section */
		9E4631FA1CC5D64C0057CFD7 /* AppDelegate.swift in Sources */ = {isa = PBXBuildFile; fileRef = 9E4631F91CC5D64C0057CFD7 /* AppDelegate.swift */; };
		9E4631FC1CC5D64C0057CFD7 /* ViewController.swift in Sources */ = {isa = PBXBuildFile; fileRef = 9E4631FB1CC5D64C0057CFD7 /* ViewController.swift */; };
		9E4631FF1CC5D64C0057CFD7 /* Main.storyboard in Resources */ = {isa = PBXBuildFile; fileRef = 9E4631FD1CC5D64C0057CFD7 /* Main.storyboard */; };
		9E4632011CC5D64C0057CFD7 /* Assets.xcassets in Resources */ = {isa = PBXBuildFile; fileRef = 9E4632001CC5D64C0057CFD7 /* Assets.xcassets */; };
		9E4632041CC5D64C0057CFD7 /* LaunchScreen.storyboard in Resources */ = {isa = PBXBuildFile; fileRef = 9E4632021CC5D64C0057CFD7 /* LaunchScreen.storyboard */; };
		9E46320E1CC5E2960057CFD7 /* Car.swift in Sources */ = {isa = PBXBuildFile; fileRef = 9E46320D1CC5E2960057CFD7 /* Car.swift */; };
		9E4632101CC5E30E0057CFD7 /* SampleData.swift in Sources */ = {isa = PBXBuildFile; fileRef = 9E46320F1CC5E30E0057CFD7 /* SampleData.swift */; };
		9E4632121CC5E8080057CFD7 /* CarsViewController.swift in Sources */ = {isa = PBXBuildFile; fileRef = 9E4632111CC5E8080057CFD7 /* CarsViewController.swift */; };
		9E4632161CC82E840057CFD7 /* car.png in Resources */ = {isa = PBXBuildFile; fileRef = 9E4632151CC82E840057CFD7 /* car.png */; };
/* End PBXBuildFile section */

/* Begin PBXFileReference section */
		9E4631F61CC5D64C0057CFD7 /* Ratings.app */ = {isa = PBXFileReference; explicitFileType = wrapper.application; includeInIndex = 0; path = Ratings.app; sourceTree = BUILT_PRODUCTS_DIR; };
		9E4631F91CC5D64C0057CFD7 /* AppDelegate.swift */ = {isa = PBXFileReference; lastKnownFileType = sourcecode.swift; path = AppDelegate.swift; sourceTree = "<group>"; };
		9E4631FB1CC5D64C0057CFD7 /* ViewController.swift */ = {isa = PBXFileReference; lastKnownFileType = sourcecode.swift; path = ViewController.swift; sourceTree = "<group>"; };
		9E4631FE1CC5D64C0057CFD7 /* Base */ = {isa = PBXFileReference; lastKnownFileType = file.storyboard; name = Base; path = Base.lproj/Main.storyboard; sourceTree = "<group>"; };
		9E4632001CC5D64C0057CFD7 /* Assets.xcassets */ = {isa = PBXFileReference; lastKnownFileType = folder.assetcatalog; path = Assets.xcassets; sourceTree = "<group>"; };
		9E4632031CC5D64C0057CFD7 /* Base */ = {isa = PBXFileReference; lastKnownFileType = file.storyboard; name = Base; path = Base.lproj/LaunchScreen.storyboard; sourceTree = "<group>"; };
		9E4632051CC5D64C0057CFD7 /* Info.plist */ = {isa = PBXFileReference; lastKnownFileType = text.plist.xml; path = Info.plist; sourceTree = "<group>"; };
		9E46320D1CC5E2960057CFD7 /* Car.swift */ = {isa = PBXFileReference; fileEncoding = 4; lastKnownFileType = sourcecode.swift; path = Car.swift; sourceTree = "<group>"; };
		9E46320F1CC5E30E0057CFD7 /* SampleData.swift */ = {isa = PBXFileReference; fileEncoding = 4; lastKnownFileType = sourcecode.swift; path = SampleData.swift; sourceTree = "<group>"; };
		9E4632111CC5E8080057CFD7 /* CarsViewController.swift */ = {isa = PBXFileReference; fileEncoding = 4; lastKnownFileType = sourcecode.swift; path = CarsViewController.swift; sourceTree = "<group>"; };
		9E4632151CC82E840057CFD7 /* car.png */ = {isa = PBXFileReference; lastKnownFileType = image.png; name = car.png; path = Assets.xcassets/Images/car.imageset/car.png; sourceTree = "<group>"; };
/* End PBXFileReference section */

/* Begin PBXFrameworksBuildPhase section */
		9E4631F31CC5D64C0057CFD7 /* Frameworks */ = {
			isa = PBXFrameworksBuildPhase;
			buildActionMask = 2147483647;
			files = (
			);
			runOnlyForDeploymentPostprocessing = 0;
		};
/* End PBXFrameworksBuildPhase section */

/* Begin PBXGroup section */
		9E4631ED1CC5D64C0057CFD7 = {
			isa = PBXGroup;
			children = (
				9E4631F81CC5D64C0057CFD7 /* Ratings */,
				9E4631F71CC5D64C0057CFD7 /* Products */,
			);
			sourceTree = "<group>";
		};
		9E4631F71CC5D64C0057CFD7 /* Products */ = {
			isa = PBXGroup;
			children = (
				9E4631F61CC5D64C0057CFD7 /* Ratings.app */,
			);
			name = Products;
			sourceTree = "<group>";
		};
		9E4631F81CC5D64C0057CFD7 /* Ratings */ = {
			isa = PBXGroup;
			children = (
				9E4631F91CC5D64C0057CFD7 /* AppDelegate.swift */,
				9E4631FB1CC5D64C0057CFD7 /* ViewController.swift */,
				9E4631FD1CC5D64C0057CFD7 /* Main.storyboard */,
				9E4632111CC5E8080057CFD7 /* CarsViewController.swift */,
				9E4632001CC5D64C0057CFD7 /* Assets.xcassets */,
				9E4632151CC82E840057CFD7 /* car.png */,
				9E4632021CC5D64C0057CFD7 /* LaunchScreen.storyboard */,
				9E4632051CC5D64C0057CFD7 /* Info.plist */,
				9E46320D1CC5E2960057CFD7 /* Car.swift */,
				9E46320F1CC5E30E0057CFD7 /* SampleData.swift */,
			);
			path = Ratings;
			sourceTree = "<group>";
		};
/* End PBXGroup section */

/* Begin PBXNativeTarget section */
		9E4631F51CC5D64C0057CFD7 /* Ratings */ = {
			isa = PBXNativeTarget;
			buildConfigurationList = 9E4632081CC5D64C0057CFD7 /* Build configuration list for PBXNativeTarget "Ratings" */;
			buildPhases = (
				9E4631F21CC5D64C0057CFD7 /* Sources */,
				9E4631F31CC5D64C0057CFD7 /* Frameworks */,
				9E4631F41CC5D64C0057CFD7 /* Resources */,
			);
			buildRules = (
			);
			dependencies = (
			);
			name = Ratings;
			productName = Ratings;
			productReference = 9E4631F61CC5D64C0057CFD7 /* Ratings.app */;
			productType = "com.apple.product-type.application";
		};
/* End PBXNativeTarget section */

/* Begin PBXProject section */
		9E4631EE1CC5D64C0057CFD7 /* Project object */ = {
			isa = PBXProject;
			attributes = {
				LastSwiftUpdateCheck = 0730;
				LastUpgradeCheck = 0730;
				ORGANIZATIONNAME = "Karan Wadhera";
				TargetAttributes = {
					9E4631F51CC5D64C0057CFD7 = {
						CreatedOnToolsVersion = 7.3;
					};
				};
			};
			buildConfigurationList = 9E4631F11CC5D64C0057CFD7 /* Build configuration list for PBXProject "Ratings" */;
			compatibilityVersion = "Xcode 3.2";
			developmentRegion = English;
			hasScannedForEncodings = 0;
			knownRegions = (
				en,
				Base,
			);
			mainGroup = 9E4631ED1CC5D64C0057CFD7;
			productRefGroup = 9E4631F71CC5D64C0057CFD7 /* Products */;
			projectDirPath = "";
			projectRoot = "";
			targets = (
				9E4631F51CC5D64C0057CFD7 /* Ratings */,
			);
		};
/* End PBXProject section */

/* Begin PBXResourcesBuildPhase section */
		9E4631F41CC5D64C0057CFD7 /* Resources */ = {
			isa = PBXResourcesBuildPhase;
			buildActionMask = 2147483647;
			files = (
				9E4632161CC82E840057CFD7 /* car.png in Resources */,
				9E4632041CC5D64C0057CFD7 /* LaunchScreen.storyboard in Resources */,
				9E4632011CC5D64C0057CFD7 /* Assets.xcassets in Resources */,
				9E4631FF1CC5D64C0057CFD7 /* Main.storyboard in Resources */,
			);
			runOnlyForDeploymentPostprocessing = 0;
		};
/* End PBXResourcesBuildPhase section */

/* Begin PBXSourcesBuildPhase section */
		9E4631F21CC5D64C0057CFD7 /* Sources */ = {
			isa = PBXSourcesBuildPhase;
			buildActionMask = 2147483647;
			files = (
				9E4631FC1CC5D64C0057CFD7 /* ViewController.swift in Sources */,
				9E4631FA1CC5D64C0057CFD7 /* AppDelegate.swift in Sources */,
				9E4632121CC5E8080057CFD7 /* CarsViewController.swift in Sources */,
				9E46320E1CC5E2960057CFD7 /* Car.swift in Sources */,
				9E4632101CC5E30E0057CFD7 /* SampleData.swift in Sources */,
			);
			runOnlyForDeploymentPostprocessing = 0;
		};
/* End PBXSourcesBuildPhase section */

/* Begin PBXVariantGroup section */
		9E4631FD1CC5D64C0057CFD7 /* Main.storyboard */ = {
			isa = PBXVariantGroup;
			children = (
				9E4631FE1CC5D64C0057CFD7 /* Base */,
			);
			name = Main.storyboard;
			sourceTree = "<group>";
		};
		9E4632021CC5D64C0057CFD7 /* LaunchScreen.storyboard */ = {
			isa = PBXVariantGroup;
			children = (
				9E4632031CC5D64C0057CFD7 /* Base */,
			);
			name = LaunchScreen.storyboard;
			sourceTree = "<group>";
		};
/* End PBXVariantGroup section */

/* Begin XCBuildConfiguration section */
		9E4632061CC5D64C0057CFD7 /* Debug */ = {
			isa = XCBuildConfiguration;
			buildSettings = {
				ALWAYS_SEARCH_USER_PATHS = NO;
				CLANG_ANALYZER_NONNULL = YES;
				CLANG_CXX_LANGUAGE_STANDARD = "gnu++0x";
				CLANG_CXX_LIBRARY = "libc++";
				CLANG_ENABLE_MODULES = YES;
				CLANG_ENABLE_OBJC_ARC = YES;
				CLANG_WARN_BOOL_CONVERSION = YES;
				CLANG_WARN_CONSTANT_CONVERSION = YES;
				CLANG_WARN_DIRECT_OBJC_ISA_USAGE = YES_ERROR;
				CLANG_WARN_EMPTY_BODY = YES;
				CLANG_WARN_ENUM_CONVERSION = YES;
				CLANG_WARN_INT_CONVERSION = YES;
				CLANG_WARN_OBJC_ROOT_CLASS = YES_ERROR;
				CLANG_WARN_UNREACHABLE_CODE = YES;
				CLANG_WARN__DUPLICATE_METHOD_MATCH = YES;
				"CODE_SIGN_IDENTITY[sdk=iphoneos*]" = "iPhone Developer";
				COPY_PHASE_STRIP = NO;
				DEBUG_INFORMATION_FORMAT = dwarf;
				ENABLE_STRICT_OBJC_MSGSEND = YES;
				ENABLE_TESTABILITY = YES;
				GCC_C_LANGUAGE_STANDARD = gnu99;
				GCC_DYNAMIC_NO_PIC = NO;
				GCC_NO_COMMON_BLOCKS = YES;
				GCC_OPTIMIZATION_LEVEL = 0;
				GCC_PREPROCESSOR_DEFINITIONS = (
					"DEBUG=1",
					"$(inherited)",
				);
				GCC_WARN_64_TO_32_BIT_CONVERSION = YES;
				GCC_WARN_ABOUT_RETURN_TYPE = YES_ERROR;
				GCC_WARN_UNDECLARED_SELECTOR = YES;
				GCC_WARN_UNINITIALIZED_AUTOS = YES_AGGRESSIVE;
				GCC_WARN_UNUSED_FUNCTION = YES;
				GCC_WARN_UNUSED_VARIABLE = YES;
				IPHONEOS_DEPLOYMENT_TARGET = 9.3;
				MTL_ENABLE_DEBUG_INFO = YES;
				ONLY_ACTIVE_ARCH = YES;
				SDKROOT = iphoneos;
				SWIFT_OPTIMIZATION_LEVEL = "-Onone";
				TARGETED_DEVICE_FAMILY = 2;
			};
			name = Debug;
		};
		9E4632071CC5D64C0057CFD7 /* Release */ = {
			isa = XCBuildConfiguration;
			buildSettings = {
				ALWAYS_SEARCH_USER_PATHS = NO;
				CLANG_ANALYZER_NONNULL = YES;
				CLANG_CXX_LANGUAGE_STANDARD = "gnu++0x";
				CLANG_CXX_LIBRARY = "libc++";
				CLANG_ENABLE_MODULES = YES;
				CLANG_ENABLE_OBJC_ARC = YES;
				CLANG_WARN_BOOL_CONVERSION = YES;
				CLANG_WARN_CONSTANT_CONVERSION = YES;
				CLANG_WARN_DIRECT_OBJC_ISA_USAGE = YES_ERROR;
				CLANG_WARN_EMPTY_BODY = YES;
				CLANG_WARN_ENUM_CONVERSION = YES;
				CLANG_WARN_INT_CONVERSION = YES;
				CLANG_WARN_OBJC_ROOT_CLASS = YES_ERROR;
				CLANG_WARN_UNREACHABLE_CODE = YES;
				CLANG_WARN__DUPLICATE_METHOD_MATCH = YES;
				"CODE_SIGN_IDENTITY[sdk=iphoneos*]" = "iPhone Developer";
				COPY_PHASE_STRIP = NO;
				DEBUG_INFORMATION_FORMAT = "dwarf-with-dsym";
				ENABLE_NS_ASSERTIONS = NO;
				ENABLE_STRICT_OBJC_MSGSEND = YES;
				GCC_C_LANGUAGE_STANDARD = gnu99;
				GCC_NO_COMMON_BLOCKS = YES;
				GCC_WARN_64_TO_32_BIT_CONVERSION = YES;
				GCC_WARN_ABOUT_RETURN_TYPE = YES_ERROR;
				GCC_WARN_UNDECLARED_SELECTOR = YES;
				GCC_WARN_UNINITIALIZED_AUTOS = YES_AGGRESSIVE;
				GCC_WARN_UNUSED_FUNCTION = YES;
				GCC_WARN_UNUSED_VARIABLE = YES;
				IPHONEOS_DEPLOYMENT_TARGET = 9.3;
				MTL_ENABLE_DEBUG_INFO = NO;
				SDKROOT = iphoneos;
				TARGETED_DEVICE_FAMILY = 2;
				VALIDATE_PRODUCT = YES;
			};
			name = Release;
		};
		9E4632091CC5D64C0057CFD7 /* Debug */ = {
			isa = XCBuildConfiguration;
			buildSettings = {
				ASSETCATALOG_COMPILER_APPICON_NAME = AppIcon;
				INFOPLIST_FILE = Ratings/Info.plist;
				LD_RUNPATH_SEARCH_PATHS = "$(inherited) @executable_path/Frameworks";
				PRODUCT_BUNDLE_IDENTIFIER = kwadhera.Ratings;
				PRODUCT_NAME = "$(TARGET_NAME)";
				TARGETED_DEVICE_FAMILY = 1;
			};
			name = Debug;
		};
		9E46320A1CC5D64C0057CFD7 /* Release */ = {
			isa = XCBuildConfiguration;
			buildSettings = {
				ASSETCATALOG_COMPILER_APPICON_NAME = AppIcon;
				INFOPLIST_FILE = Ratings/Info.plist;
				LD_RUNPATH_SEARCH_PATHS = "$(inherited) @executable_path/Frameworks";
				PRODUCT_BUNDLE_IDENTIFIER = kwadhera.Ratings;
				PRODUCT_NAME = "$(TARGET_NAME)";
				TARGETED_DEVICE_FAMILY = 1;
			};
			name = Release;
		};
/* End XCBuildConfiguration section */

/* Begin XCConfigurationList section */
		9E4631F11CC5D64C0057CFD7 /* Build configuration list for PBXProject "Ratings" */ = {
			isa = XCConfigurationList;
			buildConfigurations = (
				9E4632061CC5D64C0057CFD7 /* Debug */,
				9E4632071CC5D64C0057CFD7 /* Release */,
			);
			defaultConfigurationIsVisible = 0;
			defaultConfigurationName = Release;
		};
		9E4632081CC5D64C0057CFD7 /* Build configuration list for PBXNativeTarget "Ratings" */ = {
			isa = XCConfigurationList;
			buildConfigurations = (
				9E4632091CC5D64C0057CFD7 /* Debug */,
				9E46320A1CC5D64C0057CFD7 /* Release */,
			);
			defaultConfigurationIsVisible = 0;
		};
/* End XCConfigurationList section */
	};
	rootObject = 9E4631EE1CC5D64C0057CFD7 /* Project object */;
}
